# This file is automatically @generated by Cargo.
# It is not intended for manual editing.
version = 4

[[package]]
name = "binary_search"
version = "0.1.0"

[[package]]
name = "bubble_sort"
version = "0.1.0"

[[package]]
name = "insertion_sort"
version = "0.1.0"

[[package]]
name = "linear_search"
version = "0.1.0"

[[package]]
name = "merge_sort"
version = "0.1.0"

[[package]]
name = "pruebita"
version = "0.1.0"
dependencies = [
 "binary_search",
 "bubble_sort",
 "insertion_sort",
 "linear_search",
 "merge_sort",
 "quick_sort",
]

[[package]]
name = "quick_sort"
version = "0.1.0"
